
Microsoft Visual Studio Solution File, Format Version 12.00
# Visual Studio Version 17
VisualStudioVersion = 17.2.32526.322
MinimumVisualStudioVersion = 10.0.40219.1
Project("{FAE04EC0-301F-11D3-BF4B-00C04F79EFBC}") = "FarmFresh", "FarmFresh\FarmFresh.csproj", "{63DA3B91-5420-40E0-BE3F-1823004BE12F}"
EndProject
Project("{FAE04EC0-301F-11D3-BF4B-00C04F79EFBC}") = "FarmFresh.Service", "FarmFresh.Service\FarmFresh.Service.csproj", "{7A96ED95-5038-476F-9281-C5AEC132A258}"
EndProject
Project("{FAE04EC0-301F-11D3-BF4B-00C04F79EFBC}") = "FarmFresh.Infrastructure", "FarmFresh.Infrastructure\FarmFresh.Infrastructure.csproj", "{21897181-4688-49D2-A617-CEDDB8EA26E6}"
EndProject
Project("{FAE04EC0-301F-11D3-BF4B-00C04F79EFBC}") = "FarmFresh.Application", "FarmFresh.Application\FarmFresh.Application.csproj", "{E60D3398-0F8B-487C-81DC-C40F812645B8}"
EndProject
Project("{FAE04EC0-301F-11D3-BF4B-00C04F79EFBC}") = "FarmFresh.Core", "FarmFresh.Core\FarmFresh.Core.csproj", "{3010ACC5-455A-4EB9-A66B-7A883D3F8474}"
EndProject
Global
	GlobalSection(SolutionConfigurationPlatforms) = preSolution
		Debug|Any CPU = Debug|Any CPU
		Release|Any CPU = Release|Any CPU
	EndGlobalSection
	GlobalSection(ProjectConfigurationPlatforms) = postSolution
		{63DA3B91-5420-40E0-BE3F-1823004BE12F}.Debug|Any CPU.ActiveCfg = Debug|Any CPU
		{63DA3B91-5420-40E0-BE3F-1823004BE12F}.Debug|Any CPU.Build.0 = Debug|Any CPU
		{63DA3B91-5420-40E0-BE3F-1823004BE12F}.Release|Any CPU.ActiveCfg = Release|Any CPU
		{63DA3B91-5420-40E0-BE3F-1823004BE12F}.Release|Any CPU.Build.0 = Release|Any CPU
		{7A96ED95-5038-476F-9281-C5AEC132A258}.Debug|Any CPU.ActiveCfg = Debug|Any CPU
		{7A96ED95-5038-476F-9281-C5AEC132A258}.Debug|Any CPU.Build.0 = Debug|Any CPU
		{7A96ED95-5038-476F-9281-C5AEC132A258}.Release|Any CPU.ActiveCfg = Release|Any CPU
		{7A96ED95-5038-476F-9281-C5AEC132A258}.Release|Any CPU.Build.0 = Release|Any CPU
		{21897181-4688-49D2-A617-CEDDB8EA26E6}.Debug|Any CPU.ActiveCfg = Debug|Any CPU
		{21897181-4688-49D2-A617-CEDDB8EA26E6}.Debug|Any CPU.Build.0 = Debug|Any CPU
		{21897181-4688-49D2-A617-CEDDB8EA26E6}.Release|Any CPU.ActiveCfg = Release|Any CPU
		{21897181-4688-49D2-A617-CEDDB8EA26E6}.Release|Any CPU.Build.0 = Release|Any CPU
		{E60D3398-0F8B-487C-81DC-C40F812645B8}.Debug|Any CPU.ActiveCfg = Debug|Any CPU
		{E60D3398-0F8B-487C-81DC-C40F812645B8}.Debug|Any CPU.Build.0 = Debug|Any CPU
		{E60D3398-0F8B-487C-81DC-C40F812645B8}.Release|Any CPU.ActiveCfg = Release|Any CPU
		{E60D3398-0F8B-487C-81DC-C40F812645B8}.Release|Any CPU.Build.0 = Release|Any CPU
		{3010ACC5-455A-4EB9-A66B-7A883D3F8474}.Debug|Any CPU.ActiveCfg = Debug|Any CPU
		{3010ACC5-455A-4EB9-A66B-7A883D3F8474}.Debug|Any CPU.Build.0 = Debug|Any CPU
		{3010ACC5-455A-4EB9-A66B-7A883D3F8474}.Release|Any CPU.ActiveCfg = Release|Any CPU
		{3010ACC5-455A-4EB9-A66B-7A883D3F8474}.Release|Any CPU.Build.0 = Release|Any CPU
	EndGlobalSection
	GlobalSection(SolutionProperties) = preSolution
		HideSolutionNode = FALSE
	EndGlobalSection
	GlobalSection(ExtensibilityGlobals) = postSolution
		SolutionGuid = {AAEB3C86-10C3-4AD9-A42E-7A9DD0AEBC7F}
	EndGlobalSection
EndGlobal
